// !$*UTF8*$!
{
	archiveVersion = 1;
	classes = {
	};
	objectVersion = 50;
	objects = {

/* Begin PBXBuildFile section */
		937921D3207F8EA600F9623D /* AppDelegate.swift in Sources */ = {isa = PBXBuildFile; fileRef = 937921D2207F8EA600F9623D /* AppDelegate.swift */; };
		937921D5207F8EA600F9623D /* ViewController.swift in Sources */ = {isa = PBXBuildFile; fileRef = 937921D4207F8EA600F9623D /* ViewController.swift */; };
		937921D8207F8EA600F9623D /* Main.storyboard in Resources */ = {isa = PBXBuildFile; fileRef = 937921D6207F8EA600F9623D /* Main.storyboard */; };
		937921DA207F8EA700F9623D /* Assets.xcassets in Resources */ = {isa = PBXBuildFile; fileRef = 937921D9207F8EA700F9623D /* Assets.xcassets */; };
		937921DD207F8EA700F9623D /* LaunchScreen.storyboard in Resources */ = {isa = PBXBuildFile; fileRef = 937921DB207F8EA700F9623D /* LaunchScreen.storyboard */; };
		93CA9405207FDD1400A9C3C3 /* kwjewelry.mlmodel in Sources */ = {isa = PBXBuildFile; fileRef = 93CA9404207FDD1400A9C3C3 /* kwjewelry.mlmodel */; };
		93CA9407207FDDA300A9C3C3 /* ImageExtensions.swift in Sources */ = {isa = PBXBuildFile; fileRef = 93CA9406207FDDA300A9C3C3 /* ImageExtensions.swift */; };
		93CA9410207FEF9C00A9C3C3 /* Willow.framework in Frameworks */ = {isa = PBXBuildFile; fileRef = 93CA940B207FEF9B00A9C3C3 /* Willow.framework */; };
		93CA9411207FEF9C00A9C3C3 /* AzureCore.framework in Frameworks */ = {isa = PBXBuildFile; fileRef = 93CA940C207FEF9B00A9C3C3 /* AzureCore.framework */; };
		93CA9412207FEF9C00A9C3C3 /* AzureData.framework in Frameworks */ = {isa = PBXBuildFile; fileRef = 93CA940D207FEF9C00A9C3C3 /* AzureData.framework */; };
		93CA9413207FEF9C00A9C3C3 /* KeychainAccess.framework in Frameworks */ = {isa = PBXBuildFile; fileRef = 93CA940E207FEF9C00A9C3C3 /* KeychainAccess.framework */; };
		93CA9414207FEF9C00A9C3C3 /* AzureMobile.framework in Frameworks */ = {isa = PBXBuildFile; fileRef = 93CA940F207FEF9C00A9C3C3 /* AzureMobile.framework */; };
		93CA9416207FF0DB00A9C3C3 /* NavigationController.swift in Sources */ = {isa = PBXBuildFile; fileRef = 93CA9415207FF0DB00A9C3C3 /* NavigationController.swift */; };
		93CA9418207FF11E00A9C3C3 /* Jewelry.swift in Sources */ = {isa = PBXBuildFile; fileRef = 93CA9417207FF11E00A9C3C3 /* Jewelry.swift */; };
		93CA941A207FF56000A9C3C3 /* ViewControllerExtensions.swift in Sources */ = {isa = PBXBuildFile; fileRef = 93CA9419207FF56000A9C3C3 /* ViewControllerExtensions.swift */; };
		93ED0DE22080F4F10020B22B /* CustomVisionClient.swift in Sources */ = {isa = PBXBuildFile; fileRef = 93ED0DE12080F4F10020B22B /* CustomVisionClient.swift */; };
/* End PBXBuildFile section */

/* Begin PBXFileReference section */
		937921CF207F8EA600F9623D /* Inventory.app */ = {isa = PBXFileReference; explicitFileType = wrapper.application; includeInIndex = 0; path = Inventory.app; sourceTree = BUILT_PRODUCTS_DIR; };
		937921D2207F8EA600F9623D /* AppDelegate.swift */ = {isa = PBXFileReference; lastKnownFileType = sourcecode.swift; path = AppDelegate.swift; sourceTree = "<group>"; };
		937921D4207F8EA600F9623D /* ViewController.swift */ = {isa = PBXFileReference; lastKnownFileType = sourcecode.swift; path = ViewController.swift; sourceTree = "<group>"; };
		937921D7207F8EA600F9623D /* Base */ = {isa = PBXFileReference; lastKnownFileType = file.storyboard; name = Base; path = Base.lproj/Main.storyboard; sourceTree = "<group>"; };
		937921D9207F8EA700F9623D /* Assets.xcassets */ = {isa = PBXFileReference; lastKnownFileType = folder.assetcatalog; path = Assets.xcassets; sourceTree = "<group>"; };
		937921DC207F8EA700F9623D /* Base */ = {isa = PBXFileReference; lastKnownFileType = file.storyboard; name = Base; path = Base.lproj/LaunchScreen.storyboard; sourceTree = "<group>"; };
		937921DE207F8EA700F9623D /* Info.plist */ = {isa = PBXFileReference; lastKnownFileType = text.plist.xml; path = Info.plist; sourceTree = "<group>"; };
		93CA9404207FDD1400A9C3C3 /* kwjewelry.mlmodel */ = {isa = PBXFileReference; lastKnownFileType = file.mlmodel; path = kwjewelry.mlmodel; sourceTree = "<group>"; };
		93CA9406207FDDA300A9C3C3 /* ImageExtensions.swift */ = {isa = PBXFileReference; lastKnownFileType = sourcecode.swift; path = ImageExtensions.swift; sourceTree = "<group>"; };
		93CA940B207FEF9B00A9C3C3 /* Willow.framework */ = {isa = PBXFileReference; lastKnownFileType = wrapper.framework; name = Willow.framework; path = Carthage/Build/iOS/Willow.framework; sourceTree = "<group>"; };
		93CA940C207FEF9B00A9C3C3 /* AzureCore.framework */ = {isa = PBXFileReference; lastKnownFileType = wrapper.framework; name = AzureCore.framework; path = Carthage/Build/iOS/AzureCore.framework; sourceTree = "<group>"; };
		93CA940D207FEF9C00A9C3C3 /* AzureData.framework */ = {isa = PBXFileReference; lastKnownFileType = wrapper.framework; name = AzureData.framework; path = Carthage/Build/iOS/AzureData.framework; sourceTree = "<group>"; };
		93CA940E207FEF9C00A9C3C3 /* KeychainAccess.framework */ = {isa = PBXFileReference; lastKnownFileType = wrapper.framework; name = KeychainAccess.framework; path = Carthage/Build/iOS/KeychainAccess.framework; sourceTree = "<group>"; };
		93CA940F207FEF9C00A9C3C3 /* AzureMobile.framework */ = {isa = PBXFileReference; lastKnownFileType = wrapper.framework; name = AzureMobile.framework; path = Carthage/Build/iOS/AzureMobile.framework; sourceTree = "<group>"; };
		93CA9415207FF0DB00A9C3C3 /* NavigationController.swift */ = {isa = PBXFileReference; lastKnownFileType = sourcecode.swift; path = NavigationController.swift; sourceTree = "<group>"; };
		93CA9417207FF11E00A9C3C3 /* Jewelry.swift */ = {isa = PBXFileReference; lastKnownFileType = sourcecode.swift; path = Jewelry.swift; sourceTree = "<group>"; };
		93CA9419207FF56000A9C3C3 /* ViewControllerExtensions.swift */ = {isa = PBXFileReference; lastKnownFileType = sourcecode.swift; path = ViewControllerExtensions.swift; sourceTree = "<group>"; };
		93ED0DE12080F4F10020B22B /* CustomVisionClient.swift */ = {isa = PBXFileReference; lastKnownFileType = sourcecode.swift; path = CustomVisionClient.swift; sourceTree = "<group>"; };
/* End PBXFileReference section */

/* Begin PBXFrameworksBuildPhase section */
		937921CC207F8EA600F9623D /* Frameworks */ = {
			isa = PBXFrameworksBuildPhase;
			buildActionMask = 2147483647;
			files = (
				93CA9411207FEF9C00A9C3C3 /* AzureCore.framework in Frameworks */,
				93CA9412207FEF9C00A9C3C3 /* AzureData.framework in Frameworks */,
				93CA9414207FEF9C00A9C3C3 /* AzureMobile.framework in Frameworks */,
				93CA9410207FEF9C00A9C3C3 /* Willow.framework in Frameworks */,
				93CA9413207FEF9C00A9C3C3 /* KeychainAccess.framework in Frameworks */,
			);
			runOnlyForDeploymentPostprocessing = 0;
		};
/* End PBXFrameworksBuildPhase section */

/* Begin PBXGroup section */
		937921C6207F8EA600F9623D = {
			isa = PBXGroup;
			children = (
				937921D1207F8EA600F9623D /* Inventory */,
				937921D0207F8EA600F9623D /* Products */,
				93CA940A207FEF9B00A9C3C3 /* Frameworks */,
			);
			sourceTree = "<group>";
		};
		937921D0207F8EA600F9623D /* Products */ = {
			isa = PBXGroup;
			children = (
				937921CF207F8EA600F9623D /* Inventory.app */,
			);
			name = Products;
			sourceTree = "<group>";
		};
		937921D1207F8EA600F9623D /* Inventory */ = {
			isa = PBXGroup;
			children = (
				93CA9404207FDD1400A9C3C3 /* kwjewelry.mlmodel */,
				937921DE207F8EA700F9623D /* Info.plist */,
				937921D2207F8EA600F9623D /* AppDelegate.swift */,
				93CA9406207FDDA300A9C3C3 /* ImageExtensions.swift */,
				93CA9417207FF11E00A9C3C3 /* Jewelry.swift */,
				93CA9415207FF0DB00A9C3C3 /* NavigationController.swift */,
				937921D4207F8EA600F9623D /* ViewController.swift */,
				93CA9419207FF56000A9C3C3 /* ViewControllerExtensions.swift */,
				937921D9207F8EA700F9623D /* Assets.xcassets */,
				937921DB207F8EA700F9623D /* LaunchScreen.storyboard */,
				937921D6207F8EA600F9623D /* Main.storyboard */,
				93ED0DE12080F4F10020B22B /* CustomVisionClient.swift */,
			);
			path = Inventory;
			sourceTree = "<group>";
		};
		93CA940A207FEF9B00A9C3C3 /* Frameworks */ = {
			isa = PBXGroup;
			children = (
				93CA940C207FEF9B00A9C3C3 /* AzureCore.framework */,
				93CA940D207FEF9C00A9C3C3 /* AzureData.framework */,
				93CA940F207FEF9C00A9C3C3 /* AzureMobile.framework */,
				93CA940E207FEF9C00A9C3C3 /* KeychainAccess.framework */,
				93CA940B207FEF9B00A9C3C3 /* Willow.framework */,
			);
			name = Frameworks;
			sourceTree = "<group>";
		};
/* End PBXGroup section */

/* Begin PBXNativeTarget section */
		937921CE207F8EA600F9623D /* Inventory */ = {
			isa = PBXNativeTarget;
			buildConfigurationList = 937921E1207F8EA700F9623D /* Build configuration list for PBXNativeTarget "Inventory" */;
			buildPhases = (
				937921CB207F8EA600F9623D /* Sources */,
				937921CC207F8EA600F9623D /* Frameworks */,
				937921CD207F8EA600F9623D /* Resources */,
				93CA9408207FEE2B00A9C3C3 /* Carthage Copy Frameworks */,
				93CA9409207FEE2E00A9C3C3 /* Carthage Outdated Warning */,
			);
			buildRules = (
			);
			dependencies = (
			);
			name = Inventory;
			productName = Inventory;
			productReference = 937921CF207F8EA600F9623D /* Inventory.app */;
			productType = "com.apple.product-type.application";
		};
/* End PBXNativeTarget section */

/* Begin PBXProject section */
		937921C7207F8EA600F9623D /* Project object */ = {
			isa = PBXProject;
			attributes = {
				LastSwiftUpdateCheck = 0930;
				LastUpgradeCheck = 0930;
				ORGANIZATIONNAME = "Colby L Williams";
				TargetAttributes = {
					937921CE207F8EA600F9623D = {
						CreatedOnToolsVersion = 9.3;
					};
				};
			};
			buildConfigurationList = 937921CA207F8EA600F9623D /* Build configuration list for PBXProject "Inventory" */;
			compatibilityVersion = "Xcode 9.3";
			developmentRegion = en;
			hasScannedForEncodings = 0;
			knownRegions = (
				en,
				Base,
			);
			mainGroup = 937921C6207F8EA600F9623D;
			productRefGroup = 937921D0207F8EA600F9623D /* Products */;
			projectDirPath = "";
			projectRoot = "";
			targets = (
				937921CE207F8EA600F9623D /* Inventory */,
			);
		};
/* End PBXProject section */

/* Begin PBXResourcesBuildPhase section */
		937921CD207F8EA600F9623D /* Resources */ = {
			isa = PBXResourcesBuildPhase;
			buildActionMask = 2147483647;
			files = (
				937921DD207F8EA700F9623D /* LaunchScreen.storyboard in Resources */,
				937921DA207F8EA700F9623D /* Assets.xcassets in Resources */,
				937921D8207F8EA600F9623D /* Main.storyboard in Resources */,
			);
			runOnlyForDeploymentPostprocessing = 0;
		};
/* End PBXResourcesBuildPhase section */

/* Begin PBXShellScriptBuildPhase section */
		93CA9408207FEE2B00A9C3C3 /* Carthage Copy Frameworks */ = {
			isa = PBXShellScriptBuildPhase;
			buildActionMask = 2147483647;
			files = (
			);
			inputPaths = (
				"$(SRCROOT)/Carthage/Build/iOS/AzureCore.framework",
				"$(SRCROOT)/Carthage/Build/iOS/AzureData.framework",
				"$(SRCROOT)/Carthage/Build/iOS/AzureMobile.framework",
				"$(SRCROOT)/Carthage/Build/iOS/Willow.framework",
				"$(SRCROOT)/Carthage/Build/iOS/KeychainAccess.framework",
			);
			name = "Carthage Copy Frameworks";
			outputPaths = (
				"$(BUILT_PRODUCTS_DIR)/$(FRAMEWORKS_FOLDER_PATH)/AzureCore.framework",
				"$(BUILT_PRODUCTS_DIR)/$(FRAMEWORKS_FOLDER_PATH)/AzureData.framework",
				"$(BUILT_PRODUCTS_DIR)/$(FRAMEWORKS_FOLDER_PATH)/AzureMobile.framework",
				"$(BUILT_PRODUCTS_DIR)/$(FRAMEWORKS_FOLDER_PATH)/Willow.framework",
				"$(BUILT_PRODUCTS_DIR)/$(FRAMEWORKS_FOLDER_PATH)/KeychainAccess.framework",
			);
			runOnlyForDeploymentPostprocessing = 0;
			shellPath = /bin/sh;
			shellScript = "/usr/local/bin/carthage copy-frameworks";
		};
		93CA9409207FEE2E00A9C3C3 /* Carthage Outdated Warning */ = {
			isa = PBXShellScriptBuildPhase;
			buildActionMask = 2147483647;
			files = (
			);
			inputPaths = (
			);
			name = "Carthage Outdated Warning";
			outputPaths = (
			);
			runOnlyForDeploymentPostprocessing = 0;
			shellPath = /bin/sh;
			shellScript = "/usr/local/bin/carthage outdated --xcode-warnings";
		};
/* End PBXShellScriptBuildPhase section */

/* Begin PBXSourcesBuildPhase section */
		937921CB207F8EA600F9623D /* Sources */ = {
			isa = PBXSourcesBuildPhase;
			buildActionMask = 2147483647;
			files = (
				937921D5207F8EA600F9623D /* ViewController.swift in Sources */,
				93CA9405207FDD1400A9C3C3 /* kwjewelry.mlmodel in Sources */,
				93CA9416207FF0DB00A9C3C3 /* NavigationController.swift in Sources */,
				937921D3207F8EA600F9623D /* AppDelegate.swift in Sources */,
				93CA9418207FF11E00A9C3C3 /* Jewelry.swift in Sources */,
				93ED0DE22080F4F10020B22B /* CustomVisionClient.swift in Sources */,
				93CA9407207FDDA300A9C3C3 /* ImageExtensions.swift in Sources */,
				93CA941A207FF56000A9C3C3 /* ViewControllerExtensions.swift in Sources */,
			);
			runOnlyForDeploymentPostprocessing = 0;
		};
/* End PBXSourcesBuildPhase section */

/* Begin PBXVariantGroup section */
		937921D6207F8EA600F9623D /* Main.storyboard */ = {
			isa = PBXVariantGroup;
			children = (
				937921D7207F8EA600F9623D /* Base */,
			);
			name = Main.storyboard;
			sourceTree = "<group>";
		};
		937921DB207F8EA700F9623D /* LaunchScreen.storyboard */ = {
			isa = PBXVariantGroup;
			children = (
				937921DC207F8EA700F9623D /* Base */,
			);
			name = LaunchScreen.storyboard;
			sourceTree = "<group>";
		};
/* End PBXVariantGroup section */

/* Begin XCBuildConfiguration section */
		937921DF207F8EA700F9623D /* Debug */ = {
			isa = XCBuildConfiguration;
			buildSettings = {
				ALWAYS_SEARCH_USER_PATHS = NO;
				CLANG_ANALYZER_NONNULL = YES;
				CLANG_ANALYZER_NUMBER_OBJECT_CONVERSION = YES_AGGRESSIVE;
				CLANG_CXX_LANGUAGE_STANDARD = "gnu++14";
				CLANG_CXX_LIBRARY = "libc++";
				CLANG_ENABLE_MODULES = YES;
				CLANG_ENABLE_OBJC_ARC = YES;
				CLANG_ENABLE_OBJC_WEAK = YES;
				CLANG_WARN_BLOCK_CAPTURE_AUTORELEASING = YES;
				CLANG_WARN_BOOL_CONVERSION = YES;
				CLANG_WARN_COMMA = YES;
				CLANG_WARN_CONSTANT_CONVERSION = YES;
				CLANG_WARN_DEPRECATED_OBJC_IMPLEMENTATIONS = YES;
				CLANG_WARN_DIRECT_OBJC_ISA_USAGE = YES_ERROR;
				CLANG_WARN_DOCUMENTATION_COMMENTS = YES;
				CLANG_WARN_EMPTY_BODY = YES;
				CLANG_WARN_ENUM_CONVERSION = YES;
				CLANG_WARN_INFINITE_RECURSION = YES;
				CLANG_WARN_INT_CONVERSION = YES;
				CLANG_WARN_NON_LITERAL_NULL_CONVERSION = YES;
				CLANG_WARN_OBJC_IMPLICIT_RETAIN_SELF = YES;
				CLANG_WARN_OBJC_LITERAL_CONVERSION = YES;
				CLANG_WARN_OBJC_ROOT_CLASS = YES_ERROR;
				CLANG_WARN_RANGE_LOOP_ANALYSIS = YES;
				CLANG_WARN_STRICT_PROTOTYPES = YES;
				CLANG_WARN_SUSPICIOUS_MOVE = YES;
				CLANG_WARN_UNGUARDED_AVAILABILITY = YES_AGGRESSIVE;
				CLANG_WARN_UNREACHABLE_CODE = YES;
				CLANG_WARN__DUPLICATE_METHOD_MATCH = YES;
				CODE_SIGN_IDENTITY = "iPhone Developer";
				COPY_PHASE_STRIP = NO;
				DEBUG_INFORMATION_FORMAT = dwarf;
				ENABLE_STRICT_OBJC_MSGSEND = YES;
				ENABLE_TESTABILITY = YES;
				GCC_C_LANGUAGE_STANDARD = gnu11;
				GCC_DYNAMIC_NO_PIC = NO;
				GCC_NO_COMMON_BLOCKS = YES;
				GCC_OPTIMIZATION_LEVEL = 0;
				GCC_PREPROCESSOR_DEFINITIONS = (
					"DEBUG=1",
					"$(inherited)",
				);
				GCC_WARN_64_TO_32_BIT_CONVERSION = YES;
				GCC_WARN_ABOUT_RETURN_TYPE = YES_ERROR;
				GCC_WARN_UNDECLARED_SELECTOR = YES;
				GCC_WARN_UNINITIALIZED_AUTOS = YES_AGGRESSIVE;
				GCC_WARN_UNUSED_FUNCTION = YES;
				GCC_WARN_UNUSED_VARIABLE = YES;
				IPHONEOS_DEPLOYMENT_TARGET = 11.3;
				MTL_ENABLE_DEBUG_INFO = YES;
				ONLY_ACTIVE_ARCH = YES;
				SDKROOT = iphoneos;
				SWIFT_ACTIVE_COMPILATION_CONDITIONS = DEBUG;
				SWIFT_OPTIMIZATION_LEVEL = "-Onone";
			};
			name = Debug;
		};
		937921E0207F8EA700F9623D /* Release */ = {
			isa = XCBuildConfiguration;
			buildSettings = {
				ALWAYS_SEARCH_USER_PATHS = NO;
				CLANG_ANALYZER_NONNULL = YES;
				CLANG_ANALYZER_NUMBER_OBJECT_CONVERSION = YES_AGGRESSIVE;
				CLANG_CXX_LANGUAGE_STANDARD = "gnu++14";
				CLANG_CXX_LIBRARY = "libc++";
				CLANG_ENABLE_MODULES = YES;
				CLANG_ENABLE_OBJC_ARC = YES;
				CLANG_ENABLE_OBJC_WEAK = YES;
				CLANG_WARN_BLOCK_CAPTURE_AUTORELEASING = YES;
				CLANG_WARN_BOOL_CONVERSION = YES;
				CLANG_WARN_COMMA = YES;
				CLANG_WARN_CONSTANT_CONVERSION = YES;
				CLANG_WARN_DEPRECATED_OBJC_IMPLEMENTATIONS = YES;
				CLANG_WARN_DIRECT_OBJC_ISA_USAGE = YES_ERROR;
				CLANG_WARN_DOCUMENTATION_COMMENTS = YES;
				CLANG_WARN_EMPTY_BODY = YES;
				CLANG_WARN_ENUM_CONVERSION = YES;
				CLANG_WARN_INFINITE_RECURSION = YES;
				CLANG_WARN_INT_CONVERSION = YES;
				CLANG_WARN_NON_LITERAL_NULL_CONVERSION = YES;
				CLANG_WARN_OBJC_IMPLICIT_RETAIN_SELF = YES;
				CLANG_WARN_OBJC_LITERAL_CONVERSION = YES;
				CLANG_WARN_OBJC_ROOT_CLASS = YES_ERROR;
				CLANG_WARN_RANGE_LOOP_ANALYSIS = YES;
				CLANG_WARN_STRICT_PROTOTYPES = YES;
				CLANG_WARN_SUSPICIOUS_MOVE = YES;
				CLANG_WARN_UNGUARDED_AVAILABILITY = YES_AGGRESSIVE;
				CLANG_WARN_UNREACHABLE_CODE = YES;
				CLANG_WARN__DUPLICATE_METHOD_MATCH = YES;
				CODE_SIGN_IDENTITY = "iPhone Developer";
				COPY_PHASE_STRIP = NO;
				DEBUG_INFORMATION_FORMAT = "dwarf-with-dsym";
				ENABLE_NS_ASSERTIONS = NO;
				ENABLE_STRICT_OBJC_MSGSEND = YES;
				GCC_C_LANGUAGE_STANDARD = gnu11;
				GCC_NO_COMMON_BLOCKS = YES;
				GCC_WARN_64_TO_32_BIT_CONVERSION = YES;
				GCC_WARN_ABOUT_RETURN_TYPE = YES_ERROR;
				GCC_WARN_UNDECLARED_SELECTOR = YES;
				GCC_WARN_UNINITIALIZED_AUTOS = YES_AGGRESSIVE;
				GCC_WARN_UNUSED_FUNCTION = YES;
				GCC_WARN_UNUSED_VARIABLE = YES;
				IPHONEOS_DEPLOYMENT_TARGET = 11.3;
				MTL_ENABLE_DEBUG_INFO = NO;
				SDKROOT = iphoneos;
				SWIFT_COMPILATION_MODE = wholemodule;
				SWIFT_OPTIMIZATION_LEVEL = "-O";
				VALIDATE_PRODUCT = YES;
			};
			name = Release;
		};
		937921E2207F8EA700F9623D /* Debug */ = {
			isa = XCBuildConfiguration;
			buildSettings = {
				ASSETCATALOG_COMPILER_APPICON_NAME = AppIcon;
				CODE_SIGN_STYLE = Automatic;
				DEVELOPMENT_TEAM = N7C38P267Q;
				FRAMEWORK_SEARCH_PATHS = (
					"$(inherited)",
					"$(PROJECT_DIR)/Carthage/Build/iOS",
				);
				INFOPLIST_FILE = Inventory/Info.plist;
				LD_RUNPATH_SEARCH_PATHS = (
					"$(inherited)",
					"@executable_path/Frameworks",
				);
				PRODUCT_BUNDLE_IDENTIFIER = com.colbylwilliams.inventory;
				PRODUCT_NAME = "$(TARGET_NAME)";
				SWIFT_VERSION = 4.0;
				TARGETED_DEVICE_FAMILY = "1,2";
			};
			name = Debug;
		};
		937921E3207F8EA700F9623D /* Release */ = {
			isa = XCBuildConfiguration;
			buildSettings = {
				ASSETCATALOG_COMPILER_APPICON_NAME = AppIcon;
				CODE_SIGN_STYLE = Automatic;
				DEVELOPMENT_TEAM = N7C38P267Q;
				FRAMEWORK_SEARCH_PATHS = (
					"$(inherited)",
					"$(PROJECT_DIR)/Carthage/Build/iOS",
				);
				INFOPLIST_FILE = Inventory/Info.plist;
				LD_RUNPATH_SEARCH_PATHS = (
					"$(inherited)",
					"@executable_path/Frameworks",
				);
				PRODUCT_BUNDLE_IDENTIFIER = com.colbylwilliams.inventory;
				PRODUCT_NAME = "$(TARGET_NAME)";
				SWIFT_VERSION = 4.0;
				TARGETED_DEVICE_FAMILY = "1,2";
			};
			name = Release;
		};
/* End XCBuildConfiguration section */

/* Begin XCConfigurationList section */
		937921CA207F8EA600F9623D /* Build configuration list for PBXProject "Inventory" */ = {
			isa = XCConfigurationList;
			buildConfigurations = (
				937921DF207F8EA700F9623D /* Debug */,
				937921E0207F8EA700F9623D /* Release */,
			);
			defaultConfigurationIsVisible = 0;
			defaultConfigurationName = Release;
		};
		937921E1207F8EA700F9623D /* Build configuration list for PBXNativeTarget "Inventory" */ = {
			isa = XCConfigurationList;
			buildConfigurations = (
				937921E2207F8EA700F9623D /* Debug */,
				937921E3207F8EA700F9623D /* Release */,
			);
			defaultConfigurationIsVisible = 0;
			defaultConfigurationName = Release;
		};
/* End XCConfigurationList section */
	};
	rootObject = 937921C7207F8EA600F9623D /* Project object */;
}
